// !$*UTF8*$!
{
	archiveVersion = 1;
	classes = {
	};
	objectVersion = 46;
	objects = {

/* Begin PBXBuildFile section */
		D4AF6EDB1BC2B44C0005FA0E /* main.m in Sources */ = {isa = PBXBuildFile; fileRef = D4AF6EDA1BC2B44C0005FA0E /* main.m */; };
		D4AF6EDE1BC2B44C0005FA0E /* AppDelegate.m in Sources */ = {isa = PBXBuildFile; fileRef = D4AF6EDD1BC2B44C0005FA0E /* AppDelegate.m */; };
		D4AF6EE11BC2B44C0005FA0E /* ViewController.m in Sources */ = {isa = PBXBuildFile; fileRef = D4AF6EE01BC2B44C0005FA0E /* ViewController.m */; };
		D4AF6EE61BC2B44C0005FA0E /* Images.xcassets in Resources */ = {isa = PBXBuildFile; fileRef = D4AF6EE51BC2B44C0005FA0E /* Images.xcassets */; };
		D4AF6EE91BC2B44C0005FA0E /* LaunchScreen.xib in Resources */ = {isa = PBXBuildFile; fileRef = D4AF6EE71BC2B44C0005FA0E /* LaunchScreen.xib */; };
		D4AF6EF51BC2B44C0005FA0E /* BlocBrowserTests.m in Sources */ = {isa = PBXBuildFile; fileRef = D4AF6EF41BC2B44C0005FA0E /* BlocBrowserTests.m */; };
		D4AF6F001BC30FCB0005FA0E /* AwesomeFloatingToolbar.m in Sources */ = {isa = PBXBuildFile; fileRef = D4AF6EFF1BC30FCB0005FA0E /* AwesomeFloatingToolbar.m */; };
/* End PBXBuildFile section */

/* Begin PBXContainerItemProxy section */
		D4AF6EEF1BC2B44C0005FA0E /* PBXContainerItemProxy */ = {
			isa = PBXContainerItemProxy;
			containerPortal = D4AF6ECD1BC2B44C0005FA0E /* Project object */;
			proxyType = 1;
			remoteGlobalIDString = D4AF6ED41BC2B44C0005FA0E;
			remoteInfo = BlocBrowser;
		};
/* End PBXContainerItemProxy section */

/* Begin PBXFileReference section */
		D4AF6ED51BC2B44C0005FA0E /* BlocBrowser.app */ = {isa = PBXFileReference; explicitFileType = wrapper.application; includeInIndex = 0; path = BlocBrowser.app; sourceTree = BUILT_PRODUCTS_DIR; };
		D4AF6ED91BC2B44C0005FA0E /* Info.plist */ = {isa = PBXFileReference; lastKnownFileType = text.plist.xml; path = Info.plist; sourceTree = "<group>"; };
		D4AF6EDA1BC2B44C0005FA0E /* main.m */ = {isa = PBXFileReference; lastKnownFileType = sourcecode.c.objc; path = main.m; sourceTree = "<group>"; };
		D4AF6EDC1BC2B44C0005FA0E /* AppDelegate.h */ = {isa = PBXFileReference; lastKnownFileType = sourcecode.c.h; path = AppDelegate.h; sourceTree = "<group>"; };
		D4AF6EDD1BC2B44C0005FA0E /* AppDelegate.m */ = {isa = PBXFileReference; lastKnownFileType = sourcecode.c.objc; path = AppDelegate.m; sourceTree = "<group>"; };
		D4AF6EDF1BC2B44C0005FA0E /* ViewController.h */ = {isa = PBXFileReference; lastKnownFileType = sourcecode.c.h; path = ViewController.h; sourceTree = "<group>"; };
		D4AF6EE01BC2B44C0005FA0E /* ViewController.m */ = {isa = PBXFileReference; lastKnownFileType = sourcecode.c.objc; path = ViewController.m; sourceTree = "<group>"; };
		D4AF6EE51BC2B44C0005FA0E /* Images.xcassets */ = {isa = PBXFileReference; lastKnownFileType = folder.assetcatalog; path = Images.xcassets; sourceTree = "<group>"; };
		D4AF6EE81BC2B44C0005FA0E /* Base */ = {isa = PBXFileReference; lastKnownFileType = file.xib; name = Base; path = Base.lproj/LaunchScreen.xib; sourceTree = "<group>"; };
		D4AF6EEE1BC2B44C0005FA0E /* BlocBrowserTests.xctest */ = {isa = PBXFileReference; explicitFileType = wrapper.cfbundle; includeInIndex = 0; path = BlocBrowserTests.xctest; sourceTree = BUILT_PRODUCTS_DIR; };
		D4AF6EF31BC2B44C0005FA0E /* Info.plist */ = {isa = PBXFileReference; lastKnownFileType = text.plist.xml; path = Info.plist; sourceTree = "<group>"; };
		D4AF6EF41BC2B44C0005FA0E /* BlocBrowserTests.m */ = {isa = PBXFileReference; lastKnownFileType = sourcecode.c.objc; path = BlocBrowserTests.m; sourceTree = "<group>"; };
		D4AF6EFE1BC30FCB0005FA0E /* AwesomeFloatingToolbar.h */ = {isa = PBXFileReference; fileEncoding = 4; lastKnownFileType = sourcecode.c.h; path = AwesomeFloatingToolbar.h; sourceTree = "<group>"; };
		D4AF6EFF1BC30FCB0005FA0E /* AwesomeFloatingToolbar.m */ = {isa = PBXFileReference; fileEncoding = 4; lastKnownFileType = sourcecode.c.objc; path = AwesomeFloatingToolbar.m; sourceTree = "<group>"; };
/* End PBXFileReference section */

/* Begin PBXFrameworksBuildPhase section */
		D4AF6ED21BC2B44C0005FA0E /* Frameworks */ = {
			isa = PBXFrameworksBuildPhase;
			buildActionMask = 2147483647;
			files = (
			);
			runOnlyForDeploymentPostprocessing = 0;
		};
		D4AF6EEB1BC2B44C0005FA0E /* Frameworks */ = {
			isa = PBXFrameworksBuildPhase;
			buildActionMask = 2147483647;
			files = (
			);
			runOnlyForDeploymentPostprocessing = 0;
		};
/* End PBXFrameworksBuildPhase section */

/* Begin PBXGroup section */
		D4AF6ECC1BC2B44C0005FA0E = {
			isa = PBXGroup;
			children = (
				D4AF6ED71BC2B44C0005FA0E /* BlocBrowser */,
				D4AF6EF11BC2B44C0005FA0E /* BlocBrowserTests */,
				D4AF6ED61BC2B44C0005FA0E /* Products */,
			);
			sourceTree = "<group>";
		};
		D4AF6ED61BC2B44C0005FA0E /* Products */ = {
			isa = PBXGroup;
			children = (
				D4AF6ED51BC2B44C0005FA0E /* BlocBrowser.app */,
				D4AF6EEE1BC2B44C0005FA0E /* BlocBrowserTests.xctest */,
			);
			name = Products;
			sourceTree = "<group>";
		};
		D4AF6ED71BC2B44C0005FA0E /* BlocBrowser */ = {
			isa = PBXGroup;
			children = (
				D4AF6EDC1BC2B44C0005FA0E /* AppDelegate.h */,
				D4AF6EDD1BC2B44C0005FA0E /* AppDelegate.m */,
				D4AF6EDF1BC2B44C0005FA0E /* ViewController.h */,
				D4AF6EE01BC2B44C0005FA0E /* ViewController.m */,
				D4AF6EFE1BC30FCB0005FA0E /* AwesomeFloatingToolbar.h */,
				D4AF6EFF1BC30FCB0005FA0E /* AwesomeFloatingToolbar.m */,
				D4AF6EE51BC2B44C0005FA0E /* Images.xcassets */,
				D4AF6EE71BC2B44C0005FA0E /* LaunchScreen.xib */,
				D4AF6ED81BC2B44C0005FA0E /* Supporting Files */,
			);
			path = BlocBrowser;
			sourceTree = "<group>";
		};
		D4AF6ED81BC2B44C0005FA0E /* Supporting Files */ = {
			isa = PBXGroup;
			children = (
				D4AF6ED91BC2B44C0005FA0E /* Info.plist */,
				D4AF6EDA1BC2B44C0005FA0E /* main.m */,
			);
			name = "Supporting Files";
			sourceTree = "<group>";
		};
		D4AF6EF11BC2B44C0005FA0E /* BlocBrowserTests */ = {
			isa = PBXGroup;
			children = (
				D4AF6EF41BC2B44C0005FA0E /* BlocBrowserTests.m */,
				D4AF6EF21BC2B44C0005FA0E /* Supporting Files */,
			);
			path = BlocBrowserTests;
			sourceTree = "<group>";
		};
		D4AF6EF21BC2B44C0005FA0E /* Supporting Files */ = {
			isa = PBXGroup;
			children = (
				D4AF6EF31BC2B44C0005FA0E /* Info.plist */,
			);
			name = "Supporting Files";
			sourceTree = "<group>";
		};
/* End PBXGroup section */

/* Begin PBXNativeTarget section */
		D4AF6ED41BC2B44C0005FA0E /* BlocBrowser */ = {
			isa = PBXNativeTarget;
			buildConfigurationList = D4AF6EF81BC2B44C0005FA0E /* Build configuration list for PBXNativeTarget "BlocBrowser" */;
			buildPhases = (
				D4AF6ED11BC2B44C0005FA0E /* Sources */,
				D4AF6ED21BC2B44C0005FA0E /* Frameworks */,
				D4AF6ED31BC2B44C0005FA0E /* Resources */,
			);
			buildRules = (
			);
			dependencies = (
			);
			name = BlocBrowser;
			productName = BlocBrowser;
			productReference = D4AF6ED51BC2B44C0005FA0E /* BlocBrowser.app */;
			productType = "com.apple.product-type.application";
		};
		D4AF6EED1BC2B44C0005FA0E /* BlocBrowserTests */ = {
			isa = PBXNativeTarget;
			buildConfigurationList = D4AF6EFB1BC2B44C0005FA0E /* Build configuration list for PBXNativeTarget "BlocBrowserTests" */;
			buildPhases = (
				D4AF6EEA1BC2B44C0005FA0E /* Sources */,
				D4AF6EEB1BC2B44C0005FA0E /* Frameworks */,
				D4AF6EEC1BC2B44C0005FA0E /* Resources */,
			);
			buildRules = (
			);
			dependencies = (
				D4AF6EF01BC2B44C0005FA0E /* PBXTargetDependency */,
			);
			name = BlocBrowserTests;
			productName = BlocBrowserTests;
			productReference = D4AF6EEE1BC2B44C0005FA0E /* BlocBrowserTests.xctest */;
			productType = "com.apple.product-type.bundle.unit-test";
		};
/* End PBXNativeTarget section */

/* Begin PBXProject section */
		D4AF6ECD1BC2B44C0005FA0E /* Project object */ = {
			isa = PBXProject;
			attributes = {
				LastUpgradeCheck = 0610;
				ORGANIZATIONNAME = "Robert von Stange";
				TargetAttributes = {
					D4AF6ED41BC2B44C0005FA0E = {
						CreatedOnToolsVersion = 6.1.1;
					};
					D4AF6EED1BC2B44C0005FA0E = {
						CreatedOnToolsVersion = 6.1.1;
						TestTargetID = D4AF6ED41BC2B44C0005FA0E;
					};
				};
			};
			buildConfigurationList = D4AF6ED01BC2B44C0005FA0E /* Build configuration list for PBXProject "BlocBrowser" */;
			compatibilityVersion = "Xcode 3.2";
			developmentRegion = English;
			hasScannedForEncodings = 0;
			knownRegions = (
				en,
				Base,
			);
			mainGroup = D4AF6ECC1BC2B44C0005FA0E;
			productRefGroup = D4AF6ED61BC2B44C0005FA0E /* Products */;
			projectDirPath = "";
			projectRoot = "";
			targets = (
				D4AF6ED41BC2B44C0005FA0E /* BlocBrowser */,
				D4AF6EED1BC2B44C0005FA0E /* BlocBrowserTests */,
			);
		};
/* End PBXProject section */

/* Begin PBXResourcesBuildPhase section */
		D4AF6ED31BC2B44C0005FA0E /* Resources */ = {
			isa = PBXResourcesBuildPhase;
			buildActionMask = 2147483647;
			files = (
				D4AF6EE91BC2B44C0005FA0E /* LaunchScreen.xib in Resources */,
				D4AF6EE61BC2B44C0005FA0E /* Images.xcassets in Resources */,
			);
			runOnlyForDeploymentPostprocessing = 0;
		};
		D4AF6EEC1BC2B44C0005FA0E /* Resources */ = {
			isa = PBXResourcesBuildPhase;
			buildActionMask = 2147483647;
			files = (
			);
			runOnlyForDeploymentPostprocessing = 0;
		};
/* End PBXResourcesBuildPhase section */

/* Begin PBXSourcesBuildPhase section */
		D4AF6ED11BC2B44C0005FA0E /* Sources */ = {
			isa = PBXSourcesBuildPhase;
			buildActionMask = 2147483647;
			files = (
				D4AF6EE11BC2B44C0005FA0E /* ViewController.m in Sources */,
				D4AF6EDE1BC2B44C0005FA0E /* AppDelegate.m in Sources */,
				D4AF6EDB1BC2B44C0005FA0E /* main.m in Sources */,
				D4AF6F001BC30FCB0005FA0E /* AwesomeFloatingToolbar.m in Sources */,
			);
			runOnlyForDeploymentPostprocessing = 0;
		};
		D4AF6EEA1BC2B44C0005FA0E /* Sources */ = {
			isa = PBXSourcesBuildPhase;
			buildActionMask = 2147483647;
			files = (
				D4AF6EF51BC2B44C0005FA0E /* BlocBrowserTests.m in Sources */,
			);
			runOnlyForDeploymentPostprocessing = 0;
		};
/* End PBXSourcesBuildPhase section */

/* Begin PBXTargetDependency section */
		D4AF6EF01BC2B44C0005FA0E /* PBXTargetDependency */ = {
			isa = PBXTargetDependency;
			target = D4AF6ED41BC2B44C0005FA0E /* BlocBrowser */;
			targetProxy = D4AF6EEF1BC2B44C0005FA0E /* PBXContainerItemProxy */;
		};
/* End PBXTargetDependency section */

/* Begin PBXVariantGroup section */
		D4AF6EE71BC2B44C0005FA0E /* LaunchScreen.xib */ = {
			isa = PBXVariantGroup;
			children = (
				D4AF6EE81BC2B44C0005FA0E /* Base */,
			);
			name = LaunchScreen.xib;
			sourceTree = "<group>";
		};
/* End PBXVariantGroup section */

/* Begin XCBuildConfiguration section */
		D4AF6EF61BC2B44C0005FA0E /* Debug */ = {
			isa = XCBuildConfiguration;
			buildSettings = {
				ALWAYS_SEARCH_USER_PATHS = NO;
				CLANG_CXX_LANGUAGE_STANDARD = "gnu++0x";
				CLANG_CXX_LIBRARY = "libc++";
				CLANG_ENABLE_MODULES = YES;
				CLANG_ENABLE_OBJC_ARC = YES;
				CLANG_WARN_BOOL_CONVERSION = YES;
				CLANG_WARN_CONSTANT_CONVERSION = YES;
				CLANG_WARN_DIRECT_OBJC_ISA_USAGE = YES_ERROR;
				CLANG_WARN_EMPTY_BODY = YES;
				CLANG_WARN_ENUM_CONVERSION = YES;
				CLANG_WARN_INT_CONVERSION = YES;
				CLANG_WARN_OBJC_ROOT_CLASS = YES_ERROR;
				CLANG_WARN_UNREACHABLE_CODE = YES;
				CLANG_WARN__DUPLICATE_METHOD_MATCH = YES;
				"CODE_SIGN_IDENTITY[sdk=iphoneos*]" = "iPhone Developer";
				COPY_PHASE_STRIP = NO;
				ENABLE_STRICT_OBJC_MSGSEND = YES;
				GCC_C_LANGUAGE_STANDARD = gnu99;
				GCC_DYNAMIC_NO_PIC = NO;
				GCC_OPTIMIZATION_LEVEL = 0;
				GCC_PREPROCESSOR_DEFINITIONS = (
					"DEBUG=1",
					"$(inherited)",
				);
				GCC_SYMBOLS_PRIVATE_EXTERN = NO;
				GCC_WARN_64_TO_32_BIT_CONVERSION = YES;
				GCC_WARN_ABOUT_RETURN_TYPE = YES_ERROR;
				GCC_WARN_UNDECLARED_SELECTOR = YES;
				GCC_WARN_UNINITIALIZED_AUTOS = YES_AGGRESSIVE;
				GCC_WARN_UNUSED_FUNCTION = YES;
				GCC_WARN_UNUSED_VARIABLE = YES;
				IPHONEOS_DEPLOYMENT_TARGET = 8.1;
				MTL_ENABLE_DEBUG_INFO = YES;
				ONLY_ACTIVE_ARCH = YES;
				SDKROOT = iphoneos;
				TARGETED_DEVICE_FAMILY = "1,2";
			};
			name = Debug;
		};
		D4AF6EF71BC2B44C0005FA0E /* Release */ = {
			isa = XCBuildConfiguration;
			buildSettings = {
				ALWAYS_SEARCH_USER_PATHS = NO;
				CLANG_CXX_LANGUAGE_STANDARD = "gnu++0x";
				CLANG_CXX_LIBRARY = "libc++";
				CLANG_ENABLE_MODULES = YES;
				CLANG_ENABLE_OBJC_ARC = YES;
				CLANG_WARN_BOOL_CONVERSION = YES;
				CLANG_WARN_CONSTANT_CONVERSION = YES;
				CLANG_WARN_DIRECT_OBJC_ISA_USAGE = YES_ERROR;
				CLANG_WARN_EMPTY_BODY = YES;
				CLANG_WARN_ENUM_CONVERSION = YES;
				CLANG_WARN_INT_CONVERSION = YES;
				CLANG_WARN_OBJC_ROOT_CLASS = YES_ERROR;
				CLANG_WARN_UNREACHABLE_CODE = YES;
				CLANG_WARN__DUPLICATE_METHOD_MATCH = YES;
				"CODE_SIGN_IDENTITY[sdk=iphoneos*]" = "iPhone Developer";
				COPY_PHASE_STRIP = YES;
				ENABLE_NS_ASSERTIONS = NO;
				ENABLE_STRICT_OBJC_MSGSEND = YES;
				GCC_C_LANGUAGE_STANDARD = gnu99;
				GCC_WARN_64_TO_32_BIT_CONVERSION = YES;
				GCC_WARN_ABOUT_RETURN_TYPE = YES_ERROR;
				GCC_WARN_UNDECLARED_SELECTOR = YES;
				GCC_WARN_UNINITIALIZED_AUTOS = YES_AGGRESSIVE;
				GCC_WARN_UNUSED_FUNCTION = YES;
				GCC_WARN_UNUSED_VARIABLE = YES;
				IPHONEOS_DEPLOYMENT_TARGET = 8.1;
				MTL_ENABLE_DEBUG_INFO = NO;
				SDKROOT = iphoneos;
				TARGETED_DEVICE_FAMILY = "1,2";
				VALIDATE_PRODUCT = YES;
			};
			name = Release;
		};
		D4AF6EF91BC2B44C0005FA0E /* Debug */ = {
			isa = XCBuildConfiguration;
			buildSettings = {
				ASSETCATALOG_COMPILER_APPICON_NAME = AppIcon;
				INFOPLIST_FILE = BlocBrowser/Info.plist;
				LD_RUNPATH_SEARCH_PATHS = "$(inherited) @executable_path/Frameworks";
				PRODUCT_NAME = "$(TARGET_NAME)";
			};
			name = Debug;
		};
		D4AF6EFA1BC2B44C0005FA0E /* Release */ = {
			isa = XCBuildConfiguration;
			buildSettings = {
				ASSETCATALOG_COMPILER_APPICON_NAME = AppIcon;
				INFOPLIST_FILE = BlocBrowser/Info.plist;
				LD_RUNPATH_SEARCH_PATHS = "$(inherited) @executable_path/Frameworks";
				PRODUCT_NAME = "$(TARGET_NAME)";
			};
			name = Release;
		};
		D4AF6EFC1BC2B44C0005FA0E /* Debug */ = {
			isa = XCBuildConfiguration;
			buildSettings = {
				BUNDLE_LOADER = "$(TEST_HOST)";
				FRAMEWORK_SEARCH_PATHS = (
					"$(SDKROOT)/Developer/Library/Frameworks",
					"$(inherited)",
				);
				GCC_PREPROCESSOR_DEFINITIONS = (
					"DEBUG=1",
					"$(inherited)",
				);
				INFOPLIST_FILE = BlocBrowserTests/Info.plist;
				LD_RUNPATH_SEARCH_PATHS = "$(inherited) @executable_path/Frameworks @loader_path/Frameworks";
				PRODUCT_NAME = "$(TARGET_NAME)";
				TEST_HOST = "$(BUILT_PRODUCTS_DIR)/BlocBrowser.app/BlocBrowser";
			};
			name = Debug;
		};
		D4AF6EFD1BC2B44C0005FA0E /* Release */ = {
			isa = XCBuildConfiguration;
			buildSettings = {
				BUNDLE_LOADER = "$(TEST_HOST)";
				FRAMEWORK_SEARCH_PATHS = (
					"$(SDKROOT)/Developer/Library/Frameworks",
					"$(inherited)",
				);
				INFOPLIST_FILE = BlocBrowserTests/Info.plist;
				LD_RUNPATH_SEARCH_PATHS = "$(inherited) @executable_path/Frameworks @loader_path/Frameworks";
				PRODUCT_NAME = "$(TARGET_NAME)";
				TEST_HOST = "$(BUILT_PRODUCTS_DIR)/BlocBrowser.app/BlocBrowser";
			};
			name = Release;
		};
/* End XCBuildConfiguration section */

/* Begin XCConfigurationList section */
		D4AF6ED01BC2B44C0005FA0E /* Build configuration list for PBXProject "BlocBrowser" */ = {
			isa = XCConfigurationList;
			buildConfigurations = (
				D4AF6EF61BC2B44C0005FA0E /* Debug */,
				D4AF6EF71BC2B44C0005FA0E /* Release */,
			);
			defaultConfigurationIsVisible = 0;
			defaultConfigurationName = Release;
		};
		D4AF6EF81BC2B44C0005FA0E /* Build configuration list for PBXNativeTarget "BlocBrowser" */ = {
			isa = XCConfigurationList;
			buildConfigurations = (
				D4AF6EF91BC2B44C0005FA0E /* Debug */,
				D4AF6EFA1BC2B44C0005FA0E /* Release */,
			);
			defaultConfigurationIsVisible = 0;
			defaultConfigurationName = Release;
		};
		D4AF6EFB1BC2B44C0005FA0E /* Build configuration list for PBXNativeTarget "BlocBrowserTests" */ = {
			isa = XCConfigurationList;
			buildConfigurations = (
				D4AF6EFC1BC2B44C0005FA0E /* Debug */,
				D4AF6EFD1BC2B44C0005FA0E /* Release */,
			);
			defaultConfigurationIsVisible = 0;
			defaultConfigurationName = Release;
		};
/* End XCConfigurationList section */
	};
	rootObject = D4AF6ECD1BC2B44C0005FA0E /* Project object */;
}
